// !$*UTF8*$!
{
	archiveVersion = 1;
	classes = {
	};
	objectVersion = 46;
	objects = {

/* Begin PBXBuildFile section */
		0DD9CE1E34E93597C5DACEAF /* libPods.a in Frameworks */ = {isa = PBXBuildFile; fileRef = 714325B3762D03F387D3098D /* libPods.a */; };
		9727D28C19FB03F10062909B /* main.m in Sources */ = {isa = PBXBuildFile; fileRef = 9727D28B19FB03F10062909B /* main.m */; };
		9727D28F19FB03F10062909B /* AppDelegate.m in Sources */ = {isa = PBXBuildFile; fileRef = 9727D28E19FB03F10062909B /* AppDelegate.m */; };
		9727D29219FB03F10062909B /* ViewController.m in Sources */ = {isa = PBXBuildFile; fileRef = 9727D29119FB03F10062909B /* ViewController.m */; };
		9727D29519FB03F10062909B /* Main.storyboard in Resources */ = {isa = PBXBuildFile; fileRef = 9727D29319FB03F10062909B /* Main.storyboard */; };
		9727D29719FB03F10062909B /* Images.xcassets in Resources */ = {isa = PBXBuildFile; fileRef = 9727D29619FB03F10062909B /* Images.xcassets */; };
		9727D29A19FB03F10062909B /* LaunchScreen.xib in Resources */ = {isa = PBXBuildFile; fileRef = 9727D29819FB03F10062909B /* LaunchScreen.xib */; };
		9727D2A619FB03F10062909B /* VideoPileTests.m in Sources */ = {isa = PBXBuildFile; fileRef = 9727D2A519FB03F10062909B /* VideoPileTests.m */; };
		9727D2BE19FF19100062909B /* 2000px-Orange_logo.svg.png in Resources */ = {isa = PBXBuildFile; fileRef = 9727D2BD19FF19100062909B /* 2000px-Orange_logo.svg.png */; };
		9727D2C119FF1AAD0062909B /* VideoPlayerView.m in Sources */ = {isa = PBXBuildFile; fileRef = 9727D2C019FF1AAD0062909B /* VideoPlayerView.m */; };
		97CBF1BF1A005C6000CB5488 /* Icon-72.png in Resources */ = {isa = PBXBuildFile; fileRef = 97CBF1B81A005C6000CB5488 /* Icon-72.png */; };
		97CBF1C01A005C6000CB5488 /* Icon-Small-50.png in Resources */ = {isa = PBXBuildFile; fileRef = 97CBF1B91A005C6000CB5488 /* Icon-Small-50.png */; };
		97CBF1C11A005C6000CB5488 /* Icon-Small.png in Resources */ = {isa = PBXBuildFile; fileRef = 97CBF1BA1A005C6000CB5488 /* Icon-Small.png */; };
		97CBF1C21A005C6000CB5488 /* Icon-Small@2x.png in Resources */ = {isa = PBXBuildFile; fileRef = 97CBF1BB1A005C6000CB5488 /* Icon-Small@2x.png */; };
		97CBF1C31A005C6000CB5488 /* Icon.png in Resources */ = {isa = PBXBuildFile; fileRef = 97CBF1BC1A005C6000CB5488 /* Icon.png */; };
		97CBF1C41A005C6000CB5488 /* Icon@2x.png in Resources */ = {isa = PBXBuildFile; fileRef = 97CBF1BD1A005C6000CB5488 /* Icon@2x.png */; };
		97CBF1C51A005C6000CB5488 /* iTunesArtwork in Resources */ = {isa = PBXBuildFile; fileRef = 97CBF1BE1A005C6000CB5488 /* iTunesArtwork */; };
/* End PBXBuildFile section */

/* Begin PBXContainerItemProxy section */
		9727D2A019FB03F10062909B /* PBXContainerItemProxy */ = {
			isa = PBXContainerItemProxy;
			containerPortal = 9727D27E19FB03F10062909B /* Project object */;
			proxyType = 1;
			remoteGlobalIDString = 9727D28519FB03F10062909B;
			remoteInfo = VideoPile;
		};
/* End PBXContainerItemProxy section */

/* Begin PBXFileReference section */
		714325B3762D03F387D3098D /* libPods.a */ = {isa = PBXFileReference; explicitFileType = archive.ar; includeInIndex = 0; path = libPods.a; sourceTree = BUILT_PRODUCTS_DIR; };
		8B65190675274CE658D6BB49 /* Pods.debug.xcconfig */ = {isa = PBXFileReference; includeInIndex = 1; lastKnownFileType = text.xcconfig; name = Pods.debug.xcconfig; path = "Pods/Target Support Files/Pods/Pods.debug.xcconfig"; sourceTree = "<group>"; };
		9727D28619FB03F10062909B /* VideoPile.app */ = {isa = PBXFileReference; explicitFileType = wrapper.application; includeInIndex = 0; path = VideoPile.app; sourceTree = BUILT_PRODUCTS_DIR; };
		9727D28A19FB03F10062909B /* Info.plist */ = {isa = PBXFileReference; lastKnownFileType = text.plist.xml; path = Info.plist; sourceTree = "<group>"; };
		9727D28B19FB03F10062909B /* main.m */ = {isa = PBXFileReference; lastKnownFileType = sourcecode.c.objc; path = main.m; sourceTree = "<group>"; };
		9727D28D19FB03F10062909B /* AppDelegate.h */ = {isa = PBXFileReference; lastKnownFileType = sourcecode.c.h; path = AppDelegate.h; sourceTree = "<group>"; };
		9727D28E19FB03F10062909B /* AppDelegate.m */ = {isa = PBXFileReference; lastKnownFileType = sourcecode.c.objc; path = AppDelegate.m; sourceTree = "<group>"; };
		9727D29019FB03F10062909B /* ViewController.h */ = {isa = PBXFileReference; lastKnownFileType = sourcecode.c.h; path = ViewController.h; sourceTree = "<group>"; };
		9727D29119FB03F10062909B /* ViewController.m */ = {isa = PBXFileReference; lastKnownFileType = sourcecode.c.objc; path = ViewController.m; sourceTree = "<group>"; };
		9727D29419FB03F10062909B /* Base */ = {isa = PBXFileReference; lastKnownFileType = file.storyboard; name = Base; path = Base.lproj/Main.storyboard; sourceTree = "<group>"; };
		9727D29619FB03F10062909B /* Images.xcassets */ = {isa = PBXFileReference; lastKnownFileType = folder.assetcatalog; path = Images.xcassets; sourceTree = "<group>"; };
		9727D29919FB03F10062909B /* Base */ = {isa = PBXFileReference; lastKnownFileType = file.xib; name = Base; path = Base.lproj/LaunchScreen.xib; sourceTree = "<group>"; };
		9727D29F19FB03F10062909B /* VideoPileTests.xctest */ = {isa = PBXFileReference; explicitFileType = wrapper.cfbundle; includeInIndex = 0; path = VideoPileTests.xctest; sourceTree = BUILT_PRODUCTS_DIR; };
		9727D2A419FB03F10062909B /* Info.plist */ = {isa = PBXFileReference; lastKnownFileType = text.plist.xml; path = Info.plist; sourceTree = "<group>"; };
		9727D2A519FB03F10062909B /* VideoPileTests.m */ = {isa = PBXFileReference; lastKnownFileType = sourcecode.c.objc; path = VideoPileTests.m; sourceTree = "<group>"; };
		9727D2BD19FF19100062909B /* 2000px-Orange_logo.svg.png */ = {isa = PBXFileReference; lastKnownFileType = image.png; path = "2000px-Orange_logo.svg.png"; sourceTree = "<group>"; };
		9727D2BF19FF1AAD0062909B /* VideoPlayerView.h */ = {isa = PBXFileReference; fileEncoding = 4; lastKnownFileType = sourcecode.c.h; path = VideoPlayerView.h; sourceTree = "<group>"; };
		9727D2C019FF1AAD0062909B /* VideoPlayerView.m */ = {isa = PBXFileReference; fileEncoding = 4; lastKnownFileType = sourcecode.c.objc; path = VideoPlayerView.m; sourceTree = "<group>"; };
		97CBF1B81A005C6000CB5488 /* Icon-72.png */ = {isa = PBXFileReference; lastKnownFileType = image.png; path = "Icon-72.png"; sourceTree = "<group>"; };
		97CBF1B91A005C6000CB5488 /* Icon-Small-50.png */ = {isa = PBXFileReference; lastKnownFileType = image.png; path = "Icon-Small-50.png"; sourceTree = "<group>"; };
		97CBF1BA1A005C6000CB5488 /* Icon-Small.png */ = {isa = PBXFileReference; lastKnownFileType = image.png; path = "Icon-Small.png"; sourceTree = "<group>"; };
		97CBF1BB1A005C6000CB5488 /* Icon-Small@2x.png */ = {isa = PBXFileReference; lastKnownFileType = image.png; path = "Icon-Small@2x.png"; sourceTree = "<group>"; };
		97CBF1BC1A005C6000CB5488 /* Icon.png */ = {isa = PBXFileReference; lastKnownFileType = image.png; path = Icon.png; sourceTree = "<group>"; };
		97CBF1BD1A005C6000CB5488 /* Icon@2x.png */ = {isa = PBXFileReference; lastKnownFileType = image.png; path = "Icon@2x.png"; sourceTree = "<group>"; };
		97CBF1BE1A005C6000CB5488 /* iTunesArtwork */ = {isa = PBXFileReference; lastKnownFileType = file; path = iTunesArtwork; sourceTree = "<group>"; };
		C0D80F857FDA98E6A2188593 /* Pods.release.xcconfig */ = {isa = PBXFileReference; includeInIndex = 1; lastKnownFileType = text.xcconfig; name = Pods.release.xcconfig; path = "Pods/Target Support Files/Pods/Pods.release.xcconfig"; sourceTree = "<group>"; };
/* End PBXFileReference section */

/* Begin PBXFrameworksBuildPhase section */
		9727D28319FB03F10062909B /* Frameworks */ = {
			isa = PBXFrameworksBuildPhase;
			buildActionMask = 2147483647;
			files = (
				0DD9CE1E34E93597C5DACEAF /* libPods.a in Frameworks */,
			);
			runOnlyForDeploymentPostprocessing = 0;
		};
		9727D29C19FB03F10062909B /* Frameworks */ = {
			isa = PBXFrameworksBuildPhase;
			buildActionMask = 2147483647;
			files = (
			);
			runOnlyForDeploymentPostprocessing = 0;
		};
/* End PBXFrameworksBuildPhase section */

/* Begin PBXGroup section */
		134A9333684F8A70A658BE55 /* Frameworks */ = {
			isa = PBXGroup;
			children = (
				714325B3762D03F387D3098D /* libPods.a */,
			);
			name = Frameworks;
			sourceTree = "<group>";
		};
		66ECE55B333E5A0E6871184C /* Pods */ = {
			isa = PBXGroup;
			children = (
				8B65190675274CE658D6BB49 /* Pods.debug.xcconfig */,
				C0D80F857FDA98E6A2188593 /* Pods.release.xcconfig */,
			);
			name = Pods;
			sourceTree = "<group>";
		};
		9727D27D19FB03F10062909B = {
			isa = PBXGroup;
			children = (
				9727D28819FB03F10062909B /* VideoPile */,
				9727D2A219FB03F10062909B /* VideoPileTests */,
				9727D28719FB03F10062909B /* Products */,
				66ECE55B333E5A0E6871184C /* Pods */,
				134A9333684F8A70A658BE55 /* Frameworks */,
			);
			sourceTree = "<group>";
		};
		9727D28719FB03F10062909B /* Products */ = {
			isa = PBXGroup;
			children = (
				9727D28619FB03F10062909B /* VideoPile.app */,
				9727D29F19FB03F10062909B /* VideoPileTests.xctest */,
			);
			name = Products;
			sourceTree = "<group>";
		};
		9727D28819FB03F10062909B /* VideoPile */ = {
			isa = PBXGroup;
			children = (
				9727D28D19FB03F10062909B /* AppDelegate.h */,
				9727D28E19FB03F10062909B /* AppDelegate.m */,
				9727D29019FB03F10062909B /* ViewController.h */,
				9727D29119FB03F10062909B /* ViewController.m */,
				9727D29319FB03F10062909B /* Main.storyboard */,
				9727D2BF19FF1AAD0062909B /* VideoPlayerView.h */,
				9727D2C019FF1AAD0062909B /* VideoPlayerView.m */,
				9727D2BD19FF19100062909B /* 2000px-Orange_logo.svg.png */,
				97CBF1B81A005C6000CB5488 /* Icon-72.png */,
				97CBF1B91A005C6000CB5488 /* Icon-Small-50.png */,
				97CBF1BA1A005C6000CB5488 /* Icon-Small.png */,
				97CBF1BB1A005C6000CB5488 /* Icon-Small@2x.png */,
				97CBF1BC1A005C6000CB5488 /* Icon.png */,
				97CBF1BD1A005C6000CB5488 /* Icon@2x.png */,
				9727D29619FB03F10062909B /* Images.xcassets */,
				9727D29819FB03F10062909B /* LaunchScreen.xib */,
				97CBF1BE1A005C6000CB5488 /* iTunesArtwork */,
				9727D28919FB03F10062909B /* Supporting Files */,
			);
			path = VideoPile;
			sourceTree = "<group>";
		};
		9727D28919FB03F10062909B /* Supporting Files */ = {
			isa = PBXGroup;
			children = (
				9727D28A19FB03F10062909B /* Info.plist */,
				9727D28B19FB03F10062909B /* main.m */,
			);
			name = "Supporting Files";
			sourceTree = "<group>";
		};
		9727D2A219FB03F10062909B /* VideoPileTests */ = {
			isa = PBXGroup;
			children = (
				9727D2A519FB03F10062909B /* VideoPileTests.m */,
				9727D2A319FB03F10062909B /* Supporting Files */,
			);
			path = VideoPileTests;
			sourceTree = "<group>";
		};
		9727D2A319FB03F10062909B /* Supporting Files */ = {
			isa = PBXGroup;
			children = (
				9727D2A419FB03F10062909B /* Info.plist */,
			);
			name = "Supporting Files";
			sourceTree = "<group>";
		};
/* End PBXGroup section */

/* Begin PBXNativeTarget section */
		9727D28519FB03F10062909B /* VideoPile */ = {
			isa = PBXNativeTarget;
			buildConfigurationList = 9727D2A919FB03F10062909B /* Build configuration list for PBXNativeTarget "VideoPile" */;
			buildPhases = (
				214C7D73FC94B6287A3CA313 /* Check Pods Manifest.lock */,
				9727D28219FB03F10062909B /* Sources */,
				9727D28319FB03F10062909B /* Frameworks */,
				9727D28419FB03F10062909B /* Resources */,
				AEA50A09AFF480B8BB3C76FF /* Copy Pods Resources */,
			);
			buildRules = (
			);
			dependencies = (
			);
			name = VideoPile;
			productName = VideoPile;
			productReference = 9727D28619FB03F10062909B /* VideoPile.app */;
			productType = "com.apple.product-type.application";
		};
		9727D29E19FB03F10062909B /* VideoPileTests */ = {
			isa = PBXNativeTarget;
			buildConfigurationList = 9727D2AC19FB03F10062909B /* Build configuration list for PBXNativeTarget "VideoPileTests" */;
			buildPhases = (
				9727D29B19FB03F10062909B /* Sources */,
				9727D29C19FB03F10062909B /* Frameworks */,
				9727D29D19FB03F10062909B /* Resources */,
			);
			buildRules = (
			);
			dependencies = (
				9727D2A119FB03F10062909B /* PBXTargetDependency */,
			);
			name = VideoPileTests;
			productName = VideoPileTests;
			productReference = 9727D29F19FB03F10062909B /* VideoPileTests.xctest */;
			productType = "com.apple.product-type.bundle.unit-test";
		};
/* End PBXNativeTarget section */

/* Begin PBXProject section */
		9727D27E19FB03F10062909B /* Project object */ = {
			isa = PBXProject;
			attributes = {
				LastUpgradeCheck = 0610;
				ORGANIZATIONNAME = "Jordan Zucker";
				TargetAttributes = {
					9727D28519FB03F10062909B = {
						CreatedOnToolsVersion = 6.1;
					};
					9727D29E19FB03F10062909B = {
						CreatedOnToolsVersion = 6.1;
						TestTargetID = 9727D28519FB03F10062909B;
					};
				};
			};
			buildConfigurationList = 9727D28119FB03F10062909B /* Build configuration list for PBXProject "VideoPile" */;
			compatibilityVersion = "Xcode 3.2";
			developmentRegion = English;
			hasScannedForEncodings = 0;
			knownRegions = (
				en,
				Base,
			);
			mainGroup = 9727D27D19FB03F10062909B;
			productRefGroup = 9727D28719FB03F10062909B /* Products */;
			projectDirPath = "";
			projectRoot = "";
			targets = (
				9727D28519FB03F10062909B /* VideoPile */,
				9727D29E19FB03F10062909B /* VideoPileTests */,
			);
		};
/* End PBXProject section */

/* Begin PBXResourcesBuildPhase section */
		9727D28419FB03F10062909B /* Resources */ = {
			isa = PBXResourcesBuildPhase;
			buildActionMask = 2147483647;
			files = (
				97CBF1C31A005C6000CB5488 /* Icon.png in Resources */,
				9727D29519FB03F10062909B /* Main.storyboard in Resources */,
				97CBF1C11A005C6000CB5488 /* Icon-Small.png in Resources */,
				97CBF1BF1A005C6000CB5488 /* Icon-72.png in Resources */,
				9727D29A19FB03F10062909B /* LaunchScreen.xib in Resources */,
				97CBF1C01A005C6000CB5488 /* Icon-Small-50.png in Resources */,
				97CBF1C51A005C6000CB5488 /* iTunesArtwork in Resources */,
				97CBF1C21A005C6000CB5488 /* Icon-Small@2x.png in Resources */,
				9727D2BE19FF19100062909B /* 2000px-Orange_logo.svg.png in Resources */,
				9727D29719FB03F10062909B /* Images.xcassets in Resources */,
				97CBF1C41A005C6000CB5488 /* Icon@2x.png in Resources */,
			);
			runOnlyForDeploymentPostprocessing = 0;
		};
		9727D29D19FB03F10062909B /* Resources */ = {
			isa = PBXResourcesBuildPhase;
			buildActionMask = 2147483647;
			files = (
			);
			runOnlyForDeploymentPostprocessing = 0;
		};
/* End PBXResourcesBuildPhase section */

/* Begin PBXShellScriptBuildPhase section */
		214C7D73FC94B6287A3CA313 /* Check Pods Manifest.lock */ = {
			isa = PBXShellScriptBuildPhase;
			buildActionMask = 2147483647;
			files = (
			);
			inputPaths = (
			);
			name = "Check Pods Manifest.lock";
			outputPaths = (
			);
			runOnlyForDeploymentPostprocessing = 0;
			shellPath = /bin/sh;
			shellScript = "diff \"${PODS_ROOT}/../Podfile.lock\" \"${PODS_ROOT}/Manifest.lock\" > /dev/null\nif [[ $? != 0 ]] ; then\n    cat << EOM\nerror: The sandbox is not in sync with the Podfile.lock. Run 'pod install' or update your CocoaPods installation.\nEOM\n    exit 1\nfi\n";
			showEnvVarsInLog = 0;
		};
		AEA50A09AFF480B8BB3C76FF /* Copy Pods Resources */ = {
			isa = PBXShellScriptBuildPhase;
			buildActionMask = 2147483647;
			files = (
			);
			inputPaths = (
			);
			name = "Copy Pods Resources";
			outputPaths = (
			);
			runOnlyForDeploymentPostprocessing = 0;
			shellPath = /bin/sh;
			shellScript = "\"${SRCROOT}/Pods/Target Support Files/Pods/Pods-resources.sh\"\n";
			showEnvVarsInLog = 0;
		};
/* End PBXShellScriptBuildPhase section */

/* Begin PBXSourcesBuildPhase section */
		9727D28219FB03F10062909B /* Sources */ = {
			isa = PBXSourcesBuildPhase;
			buildActionMask = 2147483647;
			files = (
				9727D29219FB03F10062909B /* ViewController.m in Sources */,
				9727D28F19FB03F10062909B /* AppDelegate.m in Sources */,
				9727D28C19FB03F10062909B /* main.m in Sources */,
				9727D2C119FF1AAD0062909B /* VideoPlayerView.m in Sources */,
			);
			runOnlyForDeploymentPostprocessing = 0;
		};
		9727D29B19FB03F10062909B /* Sources */ = {
			isa = PBXSourcesBuildPhase;
			buildActionMask = 2147483647;
			files = (
				9727D2A619FB03F10062909B /* VideoPileTests.m in Sources */,
			);
			runOnlyForDeploymentPostprocessing = 0;
		};
/* End PBXSourcesBuildPhase section */

/* Begin PBXTargetDependency section */
		9727D2A119FB03F10062909B /* PBXTargetDependency */ = {
			isa = PBXTargetDependency;
			target = 9727D28519FB03F10062909B /* VideoPile */;
			targetProxy = 9727D2A019FB03F10062909B /* PBXContainerItemProxy */;
		};
/* End PBXTargetDependency section */

/* Begin PBXVariantGroup section */
		9727D29319FB03F10062909B /* Main.storyboard */ = {
			isa = PBXVariantGroup;
			children = (
				9727D29419FB03F10062909B /* Base */,
			);
			name = Main.storyboard;
			sourceTree = "<group>";
		};
		9727D29819FB03F10062909B /* LaunchScreen.xib */ = {
			isa = PBXVariantGroup;
			children = (
				9727D29919FB03F10062909B /* Base */,
			);
			name = LaunchScreen.xib;
			sourceTree = "<group>";
		};
/* End PBXVariantGroup section */

/* Begin XCBuildConfiguration section */
		9727D2A719FB03F10062909B /* Debug */ = {
			isa = XCBuildConfiguration;
			buildSettings = {
				ALWAYS_SEARCH_USER_PATHS = NO;
				CLANG_CXX_LANGUAGE_STANDARD = "gnu++0x";
				CLANG_CXX_LIBRARY = "libc++";
				CLANG_ENABLE_MODULES = YES;
				CLANG_ENABLE_OBJC_ARC = YES;
				CLANG_WARN_BOOL_CONVERSION = YES;
				CLANG_WARN_CONSTANT_CONVERSION = YES;
				CLANG_WARN_DIRECT_OBJC_ISA_USAGE = YES_ERROR;
				CLANG_WARN_EMPTY_BODY = YES;
				CLANG_WARN_ENUM_CONVERSION = YES;
				CLANG_WARN_INT_CONVERSION = YES;
				CLANG_WARN_OBJC_ROOT_CLASS = YES_ERROR;
				CLANG_WARN_UNREACHABLE_CODE = YES;
				CLANG_WARN__DUPLICATE_METHOD_MATCH = YES;
				"CODE_SIGN_IDENTITY[sdk=iphoneos*]" = "iPhone Developer";
				COPY_PHASE_STRIP = NO;
				ENABLE_STRICT_OBJC_MSGSEND = YES;
				GCC_C_LANGUAGE_STANDARD = gnu99;
				GCC_DYNAMIC_NO_PIC = NO;
				GCC_OPTIMIZATION_LEVEL = 0;
				GCC_PREPROCESSOR_DEFINITIONS = (
					"DEBUG=1",
					"$(inherited)",
				);
				GCC_SYMBOLS_PRIVATE_EXTERN = NO;
				GCC_WARN_64_TO_32_BIT_CONVERSION = YES;
				GCC_WARN_ABOUT_RETURN_TYPE = YES_ERROR;
				GCC_WARN_UNDECLARED_SELECTOR = YES;
				GCC_WARN_UNINITIALIZED_AUTOS = YES_AGGRESSIVE;
				GCC_WARN_UNUSED_FUNCTION = YES;
				GCC_WARN_UNUSED_VARIABLE = YES;
				IPHONEOS_DEPLOYMENT_TARGET = 8.1;
				MTL_ENABLE_DEBUG_INFO = YES;
				ONLY_ACTIVE_ARCH = YES;
				SDKROOT = iphoneos;
			};
			name = Debug;
		};
		9727D2A819FB03F10062909B /* Release */ = {
			isa = XCBuildConfiguration;
			buildSettings = {
				ALWAYS_SEARCH_USER_PATHS = NO;
				CLANG_CXX_LANGUAGE_STANDARD = "gnu++0x";
				CLANG_CXX_LIBRARY = "libc++";
				CLANG_ENABLE_MODULES = YES;
				CLANG_ENABLE_OBJC_ARC = YES;
				CLANG_WARN_BOOL_CONVERSION = YES;
				CLANG_WARN_CONSTANT_CONVERSION = YES;
				CLANG_WARN_DIRECT_OBJC_ISA_USAGE = YES_ERROR;
				CLANG_WARN_EMPTY_BODY = YES;
				CLANG_WARN_ENUM_CONVERSION = YES;
				CLANG_WARN_INT_CONVERSION = YES;
				CLANG_WARN_OBJC_ROOT_CLASS = YES_ERROR;
				CLANG_WARN_UNREACHABLE_CODE = YES;
				CLANG_WARN__DUPLICATE_METHOD_MATCH = YES;
				"CODE_SIGN_IDENTITY[sdk=iphoneos*]" = "iPhone Developer";
				COPY_PHASE_STRIP = YES;
				ENABLE_NS_ASSERTIONS = NO;
				ENABLE_STRICT_OBJC_MSGSEND = YES;
				GCC_C_LANGUAGE_STANDARD = gnu99;
				GCC_WARN_64_TO_32_BIT_CONVERSION = YES;
				GCC_WARN_ABOUT_RETURN_TYPE = YES_ERROR;
				GCC_WARN_UNDECLARED_SELECTOR = YES;
				GCC_WARN_UNINITIALIZED_AUTOS = YES_AGGRESSIVE;
				GCC_WARN_UNUSED_FUNCTION = YES;
				GCC_WARN_UNUSED_VARIABLE = YES;
				IPHONEOS_DEPLOYMENT_TARGET = 8.1;
				MTL_ENABLE_DEBUG_INFO = NO;
				SDKROOT = iphoneos;
				VALIDATE_PRODUCT = YES;
			};
			name = Release;
		};
		9727D2AA19FB03F10062909B /* Debug */ = {
			isa = XCBuildConfiguration;
			baseConfigurationReference = 8B65190675274CE658D6BB49 /* Pods.debug.xcconfig */;
			buildSettings = {
				ASSETCATALOG_COMPILER_APPICON_NAME = AppIcon;
				ASSETCATALOG_COMPILER_LAUNCHIMAGE_NAME = LaunchImage;
				INFOPLIST_FILE = VideoPile/Info.plist;
				LD_RUNPATH_SEARCH_PATHS = "$(inherited) @executable_path/Frameworks";
				PRODUCT_NAME = "$(TARGET_NAME)";
			};
			name = Debug;
		};
		9727D2AB19FB03F10062909B /* Release */ = {
			isa = XCBuildConfiguration;
			baseConfigurationReference = C0D80F857FDA98E6A2188593 /* Pods.release.xcconfig */;
			buildSettings = {
				ASSETCATALOG_COMPILER_APPICON_NAME = AppIcon;
				ASSETCATALOG_COMPILER_LAUNCHIMAGE_NAME = LaunchImage;
				INFOPLIST_FILE = VideoPile/Info.plist;
				LD_RUNPATH_SEARCH_PATHS = "$(inherited) @executable_path/Frameworks";
				PRODUCT_NAME = "$(TARGET_NAME)";
			};
			name = Release;
		};
		9727D2AD19FB03F10062909B /* Debug */ = {
			isa = XCBuildConfiguration;
			buildSettings = {
				BUNDLE_LOADER = "$(TEST_HOST)";
				FRAMEWORK_SEARCH_PATHS = (
					"$(SDKROOT)/Developer/Library/Frameworks",
					"$(inherited)",
				);
				GCC_PREPROCESSOR_DEFINITIONS = (
					"DEBUG=1",
					"$(inherited)",
				);
				INFOPLIST_FILE = VideoPileTests/Info.plist;
				LD_RUNPATH_SEARCH_PATHS = "$(inherited) @executable_path/Frameworks @loader_path/Frameworks";
				PRODUCT_NAME = "$(TARGET_NAME)";
				TEST_HOST = "$(BUILT_PRODUCTS_DIR)/VideoPile.app/VideoPile";
			};
			name = Debug;
		};
		9727D2AE19FB03F10062909B /* Release */ = {
			isa = XCBuildConfiguration;
			buildSettings = {
				BUNDLE_LOADER = "$(TEST_HOST)";
				FRAMEWORK_SEARCH_PATHS = (
					"$(SDKROOT)/Developer/Library/Frameworks",
					"$(inherited)",
				);
				INFOPLIST_FILE = VideoPileTests/Info.plist;
				LD_RUNPATH_SEARCH_PATHS = "$(inherited) @executable_path/Frameworks @loader_path/Frameworks";
				PRODUCT_NAME = "$(TARGET_NAME)";
				TEST_HOST = "$(BUILT_PRODUCTS_DIR)/VideoPile.app/VideoPile";
			};
			name = Release;
		};
/* End XCBuildConfiguration section */

/* Begin XCConfigurationList section */
		9727D28119FB03F10062909B /* Build configuration list for PBXProject "VideoPile" */ = {
			isa = XCConfigurationList;
			buildConfigurations = (
				9727D2A719FB03F10062909B /* Debug */,
				9727D2A819FB03F10062909B /* Release */,
			);
			defaultConfigurationIsVisible = 0;
			defaultConfigurationName = Release;
		};
		9727D2A919FB03F10062909B /* Build configuration list for PBXNativeTarget "VideoPile" */ = {
			isa = XCConfigurationList;
			buildConfigurations = (
				9727D2AA19FB03F10062909B /* Debug */,
				9727D2AB19FB03F10062909B /* Release */,
			);
			defaultConfigurationIsVisible = 0;
			defaultConfigurationName = Release;
		};
		9727D2AC19FB03F10062909B /* Build configuration list for PBXNativeTarget "VideoPileTests" */ = {
			isa = XCConfigurationList;
			buildConfigurations = (
				9727D2AD19FB03F10062909B /* Debug */,
				9727D2AE19FB03F10062909B /* Release */,
			);
			defaultConfigurationIsVisible = 0;
			defaultConfigurationName = Release;
		};
/* End XCConfigurationList section */
	};
	rootObject = 9727D27E19FB03F10062909B /* Project object */;
}
